
Microsoft Visual Studio Solution File, Format Version 12.00
# Visual Studio 14
VisualStudioVersion = 14.0.23107.0
MinimumVisualStudioVersion = 10.0.40219.1
Project("{2150E333-8FDC-42A3-9474-1A3956D46DE8}") = "Engine", "Engine", "{061CEF4C-D19B-4B6D-B7E3-5F685C546534}"
EndProject
Project("{2150E333-8FDC-42A3-9474-1A3956D46DE8}") = "Games", "Games", "{99A16C49-1401-4B66-B625-781D7E3A184A}"
EndProject
Project("{8BC9CEB8-8B4A-11D0-8D11-00A0C91BC942}") = "UE4", "Intermediate\ProjectFiles\UE4.vcxproj", "{8534D014-F825-444B-A813-378E241BA44E}"
EndProject
Project("{8BC9CEB8-8B4A-11D0-8D11-00A0C91BC942}") = "Tutorial", "Intermediate\ProjectFiles\Tutorial.vcxproj", "{57E7D554-31DF-4436-805E-452C417C523F}"
EndProject
Global
	GlobalSection(SolutionConfigurationPlatforms) = preSolution
		DebugGame Editor|Win32 = DebugGame Editor|Win32
		DebugGame Editor|Win64 = DebugGame Editor|Win64
		DebugGame|Win32 = DebugGame|Win32
		DebugGame|Win64 = DebugGame|Win64
		Development Editor|Win32 = Development Editor|Win32
		Development Editor|Win64 = Development Editor|Win64
		Development|Win32 = Development|Win32
		Development|Win64 = Development|Win64
		Shipping|Win32 = Shipping|Win32
		Shipping|Win64 = Shipping|Win64
	EndGlobalSection
	GlobalSection(ProjectConfigurationPlatforms) = postSolution
		{8534D014-F825-444B-A813-378E241BA44E}.DebugGame Editor|Win32.ActiveCfg = BuiltWithUnrealBuildTool|Win32
		{8534D014-F825-444B-A813-378E241BA44E}.DebugGame Editor|Win32.Build.0 = BuiltWithUnrealBuildTool|Win32
		{8534D014-F825-444B-A813-378E241BA44E}.DebugGame Editor|Win64.ActiveCfg = BuiltWithUnrealBuildTool|Win32
		{8534D014-F825-444B-A813-378E241BA44E}.DebugGame Editor|Win64.Build.0 = BuiltWithUnrealBuildTool|Win32
		{8534D014-F825-444B-A813-378E241BA44E}.DebugGame|Win32.ActiveCfg = BuiltWithUnrealBuildTool|Win32
		{8534D014-F825-444B-A813-378E241BA44E}.DebugGame|Win32.Build.0 = BuiltWithUnrealBuildTool|Win32
		{8534D014-F825-444B-A813-378E241BA44E}.DebugGame|Win64.ActiveCfg = BuiltWithUnrealBuildTool|Win32
		{8534D014-F825-444B-A813-378E241BA44E}.DebugGame|Win64.Build.0 = BuiltWithUnrealBuildTool|Win32
		{8534D014-F825-444B-A813-378E241BA44E}.Development Editor|Win32.ActiveCfg = BuiltWithUnrealBuildTool|Win32
		{8534D014-F825-444B-A813-378E241BA44E}.Development Editor|Win32.Build.0 = BuiltWithUnrealBuildTool|Win32
		{8534D014-F825-444B-A813-378E241BA44E}.Development Editor|Win64.ActiveCfg = BuiltWithUnrealBuildTool|Win32
		{8534D014-F825-444B-A813-378E241BA44E}.Development Editor|Win64.Build.0 = BuiltWithUnrealBuildTool|Win32
		{8534D014-F825-444B-A813-378E241BA44E}.Development|Win32.ActiveCfg = BuiltWithUnrealBuildTool|Win32
		{8534D014-F825-444B-A813-378E241BA44E}.Development|Win32.Build.0 = BuiltWithUnrealBuildTool|Win32
		{8534D014-F825-444B-A813-378E241BA44E}.Development|Win64.ActiveCfg = BuiltWithUnrealBuildTool|Win32
		{8534D014-F825-444B-A813-378E241BA44E}.Development|Win64.Build.0 = BuiltWithUnrealBuildTool|Win32
		{8534D014-F825-444B-A813-378E241BA44E}.Shipping|Win32.ActiveCfg = BuiltWithUnrealBuildTool|Win32
		{8534D014-F825-444B-A813-378E241BA44E}.Shipping|Win32.Build.0 = BuiltWithUnrealBuildTool|Win32
		{8534D014-F825-444B-A813-378E241BA44E}.Shipping|Win64.ActiveCfg = BuiltWithUnrealBuildTool|Win32
		{8534D014-F825-444B-A813-378E241BA44E}.Shipping|Win64.Build.0 = BuiltWithUnrealBuildTool|Win32
		{57E7D554-31DF-4436-805E-452C417C523F}.DebugGame Editor|Win32.ActiveCfg = DebugGame_Editor|Win32
		{57E7D554-31DF-4436-805E-452C417C523F}.DebugGame Editor|Win32.Build.0 = DebugGame_Editor|Win32
		{57E7D554-31DF-4436-805E-452C417C523F}.DebugGame Editor|Win64.ActiveCfg = DebugGame_Editor|x64
		{57E7D554-31DF-4436-805E-452C417C523F}.DebugGame Editor|Win64.Build.0 = DebugGame_Editor|x64
		{57E7D554-31DF-4436-805E-452C417C523F}.DebugGame|Win32.ActiveCfg = DebugGame_Game|Win32
		{57E7D554-31DF-4436-805E-452C417C523F}.DebugGame|Win32.Build.0 = DebugGame_Game|Win32
		{57E7D554-31DF-4436-805E-452C417C523F}.DebugGame|Win64.ActiveCfg = DebugGame_Game|x64
		{57E7D554-31DF-4436-805E-452C417C523F}.DebugGame|Win64.Build.0 = DebugGame_Game|x64
		{57E7D554-31DF-4436-805E-452C417C523F}.Development Editor|Win32.ActiveCfg = Development_Editor|Win32
		{57E7D554-31DF-4436-805E-452C417C523F}.Development Editor|Win32.Build.0 = Development_Editor|Win32
		{57E7D554-31DF-4436-805E-452C417C523F}.Development Editor|Win64.ActiveCfg = Development_Editor|x64
		{57E7D554-31DF-4436-805E-452C417C523F}.Development Editor|Win64.Build.0 = Development_Editor|x64
		{57E7D554-31DF-4436-805E-452C417C523F}.Development|Win32.ActiveCfg = Development_Game|Win32
		{57E7D554-31DF-4436-805E-452C417C523F}.Development|Win32.Build.0 = Development_Game|Win32
		{57E7D554-31DF-4436-805E-452C417C523F}.Development|Win64.ActiveCfg = Development_Game|x64
		{57E7D554-31DF-4436-805E-452C417C523F}.Development|Win64.Build.0 = Development_Game|x64
		{57E7D554-31DF-4436-805E-452C417C523F}.Shipping|Win32.ActiveCfg = Shipping_Game|Win32
		{57E7D554-31DF-4436-805E-452C417C523F}.Shipping|Win32.Build.0 = Shipping_Game|Win32
		{57E7D554-31DF-4436-805E-452C417C523F}.Shipping|Win64.ActiveCfg = Shipping_Game|x64
		{57E7D554-31DF-4436-805E-452C417C523F}.Shipping|Win64.Build.0 = Shipping_Game|x64
	EndGlobalSection
	GlobalSection(SolutionProperties) = preSolution
		HideSolutionNode = FALSE
	EndGlobalSection
	GlobalSection(NestedProjects) = preSolution
		{8534D014-F825-444B-A813-378E241BA44E} = {061CEF4C-D19B-4B6D-B7E3-5F685C546534}
		{57E7D554-31DF-4436-805E-452C417C523F} = {99A16C49-1401-4B66-B625-781D7E3A184A}
	EndGlobalSection
EndGlobal
